
Microsoft Visual Studio Solution File, Format Version 12.00
# Visual Studio 14
VisualStudioVersion = 14.0.25420.1
MinimumVisualStudioVersion = 10.0.40219.1
Project("{FAE04EC0-301F-11D3-BF4B-00C04F79EFBC}") = "Alg.Domain", "Alg.Domain\Alg.Domain.csproj", "{745D69B4-3FCB-4752-9856-DD0D037E0B5C}"
EndProject
Project("{FAE04EC0-301F-11D3-BF4B-00C04F79EFBC}") = "Alg.WebApi", "Alg.WebApi\Alg.WebApi.csproj", "{5F1B7C2F-29B9-4C5A-9AE2-5C1B621601DA}"
EndProject
Global
	GlobalSection(SolutionConfigurationPlatforms) = preSolution
		Debug|Any CPU = Debug|Any CPU
		Release|Any CPU = Release|Any CPU
	EndGlobalSection
	GlobalSection(ProjectConfigurationPlatforms) = postSolution
		{745D69B4-3FCB-4752-9856-DD0D037E0B5C}.Debug|Any CPU.ActiveCfg = Debug|Any CPU
		{745D69B4-3FCB-4752-9856-DD0D037E0B5C}.Debug|Any CPU.Build.0 = Debug|Any CPU
		{745D69B4-3FCB-4752-9856-DD0D037E0B5C}.Release|Any CPU.ActiveCfg = Release|Any CPU
		{745D69B4-3FCB-4752-9856-DD0D037E0B5C}.Release|Any CPU.Build.0 = Release|Any CPU
		{5F1B7C2F-29B9-4C5A-9AE2-5C1B621601DA}.Debug|Any CPU.ActiveCfg = Debug|Any CPU
		{5F1B7C2F-29B9-4C5A-9AE2-5C1B621601DA}.Debug|Any CPU.Build.0 = Debug|Any CPU
		{5F1B7C2F-29B9-4C5A-9AE2-5C1B621601DA}.Release|Any CPU.ActiveCfg = Release|Any CPU
		{5F1B7C2F-29B9-4C5A-9AE2-5C1B621601DA}.Release|Any CPU.Build.0 = Release|Any CPU
	EndGlobalSection
	GlobalSection(SolutionProperties) = preSolution
		HideSolutionNode = FALSE
	EndGlobalSection
EndGlobal
